{
    "version": 3,
    "terraform_version": "0.11.13",
    "serial": 17,
    "lineage": "d3d6c9e9-9c97-b834-b4e7-b1bfce9c43ca",
    "modules": [
        {
            "path": [
                "root"
            ],
            "outputs": {},
            "resources": {
                "docker_container.NginxPlusAPI": {
                    "type": "docker_container",
                    "depends_on": [],
                    "primary": {
                        "id": "a76c174411124cd95fb4290715dfcfaf31bb6f692993258c2c9d4573412c74e4",
                        "attributes": {
                            "attach": "false",
                            "bridge": "",
                            "gateway": "172.17.0.1",
                            "host.#": "1",
                            "host.974263307.host": "controller.nginx-udf.internal",
                            "host.974263307.ip": "10.1.20.11",
                            "id": "a76c174411124cd95fb4290715dfcfaf31bb6f692993258c2c9d4573412c74e4",
                            "image": "nginxcontr3:latest",
                            "ip_address": "172.17.0.2",
                            "ip_prefix_length": "16",
                            "log_driver": "json-file",
                            "logs": "false",
                            "must_run": "true",
                            "name": "NginxPlusAPI",
                            "network_data.#": "1",
                            "network_data.0.gateway": "172.17.0.1",
                            "network_data.0.ip_address": "172.17.0.2",
                            "network_data.0.ip_prefix_length": "16",
                            "network_data.0.network_name": "bridge",
                            "ports.#": "2",
                            "ports.0.external": "8080",
                            "ports.0.internal": "80",
                            "ports.0.ip": "10.1.20.9",
                            "ports.0.protocol": "tcp",
                            "ports.1.external": "8443",
                            "ports.1.internal": "443",
                            "ports.1.ip": "10.1.20.9",
                            "ports.1.protocol": "tcp",
                            "read_only": "false",
                            "restart": "always",
                            "rm": "false",
                            "start": "true"
                        },
                        "meta": {
                            "schema_version": "1"
                        },
                        "tainted": false
                    },
                    "deposed": [],
                    "provider": "provider.docker"
                },
                "docker_container.NginxPlusWebApp": {
                    "type": "docker_container",
                    "depends_on": [],
                    "primary": {
                        "id": "1c7bbea094c2d79c300e1e0479d5c1880cc4376353f730a5e25e0fdf1c78037c",
                        "attributes": {
                            "attach": "false",
                            "bridge": "",
                            "gateway": "172.17.0.1",
                            "host.#": "1",
                            "host.974263307.host": "controller.nginx-udf.internal",
                            "host.974263307.ip": "10.1.20.11",
                            "id": "1c7bbea094c2d79c300e1e0479d5c1880cc4376353f730a5e25e0fdf1c78037c",
                            "image": "nginxcontr3:latest",
                            "ip_address": "172.17.0.4",
                            "ip_prefix_length": "16",
                            "log_driver": "json-file",
                            "logs": "false",
                            "must_run": "true",
                            "name": "NginxPlusWebApp",
                            "network_data.#": "1",
                            "network_data.0.gateway": "172.17.0.1",
                            "network_data.0.ip_address": "172.17.0.4",
                            "network_data.0.ip_prefix_length": "16",
                            "network_data.0.network_name": "bridge",
                            "ports.#": "2",
                            "ports.0.external": "8080",
                            "ports.0.internal": "80",
                            "ports.0.ip": "10.1.20.10",
                            "ports.0.protocol": "tcp",
                            "ports.1.external": "8443",
                            "ports.1.internal": "443",
                            "ports.1.ip": "10.1.20.10",
                            "ports.1.protocol": "tcp",
                            "read_only": "false",
                            "restart": "always",
                            "rm": "false",
                            "start": "true"
                        },
                        "meta": {
                            "schema_version": "1"
                        },
                        "tainted": false
                    },
                    "deposed": [],
                    "provider": "provider.docker"
                }
            },
            "depends_on": []
        }
    ]
}
